// !$*UTF8*$!
{
	archiveVersion = 1;
	classes = {
	};
	objectVersion = 46;
	objects = {

/* Begin PBXBuildFile section */
		60F075CC1ED4AD5F005BE7F2 /* AppDelegate.swift in Sources */ = {isa = PBXBuildFile; fileRef = 60F075CB1ED4AD5F005BE7F2 /* AppDelegate.swift */; };
		60F075CE1ED4AD5F005BE7F2 /* SignInVC.swift in Sources */ = {isa = PBXBuildFile; fileRef = 60F075CD1ED4AD5F005BE7F2 /* SignInVC.swift */; };
		60F075D11ED4AD5F005BE7F2 /* Main.storyboard in Resources */ = {isa = PBXBuildFile; fileRef = 60F075CF1ED4AD5F005BE7F2 /* Main.storyboard */; };
		60F075D31ED4AD5F005BE7F2 /* Assets.xcassets in Resources */ = {isa = PBXBuildFile; fileRef = 60F075D21ED4AD5F005BE7F2 /* Assets.xcassets */; };
		60F075D61ED4AD5F005BE7F2 /* LaunchScreen.storyboard in Resources */ = {isa = PBXBuildFile; fileRef = 60F075D41ED4AD5F005BE7F2 /* LaunchScreen.storyboard */; };
		60F075DE1ED4ADD0005BE7F2 /* GoogleService-Info.plist in Resources */ = {isa = PBXBuildFile; fileRef = 60F075DD1ED4ADD0005BE7F2 /* GoogleService-Info.plist */; };
		68847A55C834B490ADC77488 /* Pods_SocialMedia.framework in Frameworks */ = {isa = PBXBuildFile; fileRef = 76C65076A668DA9F98F3DBC9 /* Pods_SocialMedia.framework */; };
/* End PBXBuildFile section */

/* Begin PBXFileReference section */
		2EE44CA061F19E6785022E46 /* Pods-SocialMedia.release.xcconfig */ = {isa = PBXFileReference; includeInIndex = 1; lastKnownFileType = text.xcconfig; name = "Pods-SocialMedia.release.xcconfig"; path = "Pods/Target Support Files/Pods-SocialMedia/Pods-SocialMedia.release.xcconfig"; sourceTree = "<group>"; };
		60F075C81ED4AD5F005BE7F2 /* SocialMedia.app */ = {isa = PBXFileReference; explicitFileType = wrapper.application; includeInIndex = 0; path = SocialMedia.app; sourceTree = BUILT_PRODUCTS_DIR; };
		60F075CB1ED4AD5F005BE7F2 /* AppDelegate.swift */ = {isa = PBXFileReference; lastKnownFileType = sourcecode.swift; path = AppDelegate.swift; sourceTree = "<group>"; };
		60F075CD1ED4AD5F005BE7F2 /* SignInVC.swift */ = {isa = PBXFileReference; lastKnownFileType = sourcecode.swift; path = SignInVC.swift; sourceTree = "<group>"; };
		60F075D01ED4AD5F005BE7F2 /* Base */ = {isa = PBXFileReference; lastKnownFileType = file.storyboard; name = Base; path = Base.lproj/Main.storyboard; sourceTree = "<group>"; };
		60F075D21ED4AD5F005BE7F2 /* Assets.xcassets */ = {isa = PBXFileReference; lastKnownFileType = folder.assetcatalog; path = Assets.xcassets; sourceTree = "<group>"; };
		60F075D51ED4AD5F005BE7F2 /* Base */ = {isa = PBXFileReference; lastKnownFileType = file.storyboard; name = Base; path = Base.lproj/LaunchScreen.storyboard; sourceTree = "<group>"; };
		60F075D71ED4AD5F005BE7F2 /* Info.plist */ = {isa = PBXFileReference; lastKnownFileType = text.plist.xml; path = Info.plist; sourceTree = "<group>"; };
		60F075DD1ED4ADD0005BE7F2 /* GoogleService-Info.plist */ = {isa = PBXFileReference; fileEncoding = 4; lastKnownFileType = text.plist.xml; path = "GoogleService-Info.plist"; sourceTree = "<group>"; };
		76C65076A668DA9F98F3DBC9 /* Pods_SocialMedia.framework */ = {isa = PBXFileReference; explicitFileType = wrapper.framework; includeInIndex = 0; path = Pods_SocialMedia.framework; sourceTree = BUILT_PRODUCTS_DIR; };
		AEA15E8AA756077D106D0C1A /* Pods-SocialMedia.debug.xcconfig */ = {isa = PBXFileReference; includeInIndex = 1; lastKnownFileType = text.xcconfig; name = "Pods-SocialMedia.debug.xcconfig"; path = "Pods/Target Support Files/Pods-SocialMedia/Pods-SocialMedia.debug.xcconfig"; sourceTree = "<group>"; };
/* End PBXFileReference section */

/* Begin PBXFrameworksBuildPhase section */
		60F075C51ED4AD5F005BE7F2 /* Frameworks */ = {
			isa = PBXFrameworksBuildPhase;
			buildActionMask = 2147483647;
			files = (
				68847A55C834B490ADC77488 /* Pods_SocialMedia.framework in Frameworks */,
			);
			runOnlyForDeploymentPostprocessing = 0;
		};
/* End PBXFrameworksBuildPhase section */

/* Begin PBXGroup section */
		172EC75C3E6E62C723F1B9D3 /* Pods */ = {
			isa = PBXGroup;
			children = (
				AEA15E8AA756077D106D0C1A /* Pods-SocialMedia.debug.xcconfig */,
				2EE44CA061F19E6785022E46 /* Pods-SocialMedia.release.xcconfig */,
			);
			name = Pods;
			sourceTree = "<group>";
		};
		60F075BF1ED4AD5E005BE7F2 = {
			isa = PBXGroup;
			children = (
				60F075CA1ED4AD5F005BE7F2 /* SocialMedia */,
				60F075C91ED4AD5F005BE7F2 /* Products */,
				172EC75C3E6E62C723F1B9D3 /* Pods */,
				68ECF7FBF5BC3594135819A8 /* Frameworks */,
			);
			sourceTree = "<group>";
		};
		60F075C91ED4AD5F005BE7F2 /* Products */ = {
			isa = PBXGroup;
			children = (
				60F075C81ED4AD5F005BE7F2 /* SocialMedia.app */,
			);
			name = Products;
			sourceTree = "<group>";
		};
		60F075CA1ED4AD5F005BE7F2 /* SocialMedia */ = {
			isa = PBXGroup;
			children = (
				60F075E11ED4B099005BE7F2 /* Controller */,
				60F075E01ED4B094005BE7F2 /* View */,
				60F075DF1ED4B08E005BE7F2 /* Model */,
				60F075CB1ED4AD5F005BE7F2 /* AppDelegate.swift */,
				60F075CF1ED4AD5F005BE7F2 /* Main.storyboard */,
				60F075D21ED4AD5F005BE7F2 /* Assets.xcassets */,
				60F075D41ED4AD5F005BE7F2 /* LaunchScreen.storyboard */,
				60F075D71ED4AD5F005BE7F2 /* Info.plist */,
				60F075DD1ED4ADD0005BE7F2 /* GoogleService-Info.plist */,
			);
			path = SocialMedia;
			sourceTree = "<group>";
		};
		60F075DF1ED4B08E005BE7F2 /* Model */ = {
			isa = PBXGroup;
			children = (
			);
			name = Model;
			sourceTree = "<group>";
		};
		60F075E01ED4B094005BE7F2 /* View */ = {
			isa = PBXGroup;
			children = (
			);
			name = View;
			sourceTree = "<group>";
		};
		60F075E11ED4B099005BE7F2 /* Controller */ = {
			isa = PBXGroup;
			children = (
				60F075CD1ED4AD5F005BE7F2 /* SignInVC.swift */,
			);
			name = Controller;
			sourceTree = "<group>";
		};
		68ECF7FBF5BC3594135819A8 /* Frameworks */ = {
			isa = PBXGroup;
			children = (
				76C65076A668DA9F98F3DBC9 /* Pods_SocialMedia.framework */,
			);
			name = Frameworks;
			sourceTree = "<group>";
		};
/* End PBXGroup section */

/* Begin PBXNativeTarget section */
		60F075C71ED4AD5F005BE7F2 /* SocialMedia */ = {
			isa = PBXNativeTarget;
			buildConfigurationList = 60F075DA1ED4AD5F005BE7F2 /* Build configuration list for PBXNativeTarget "SocialMedia" */;
			buildPhases = (
				B188008CF68B3E9BE789E930 /* [CP] Check Pods Manifest.lock */,
				60F075C41ED4AD5F005BE7F2 /* Sources */,
				60F075C51ED4AD5F005BE7F2 /* Frameworks */,
				60F075C61ED4AD5F005BE7F2 /* Resources */,
				33242844135EE7F1F0EB8B34 /* [CP] Embed Pods Frameworks */,
				67101B30D6E14AA15A8F3632 /* [CP] Copy Pods Resources */,
			);
			buildRules = (
			);
			dependencies = (
			);
			name = SocialMedia;
			productName = SocialMedia;
			productReference = 60F075C81ED4AD5F005BE7F2 /* SocialMedia.app */;
			productType = "com.apple.product-type.application";
		};
/* End PBXNativeTarget section */

/* Begin PBXProject section */
		60F075C01ED4AD5E005BE7F2 /* Project object */ = {
			isa = PBXProject;
			attributes = {
				LastSwiftUpdateCheck = 0830;
				LastUpgradeCheck = 0830;
				ORGANIZATIONNAME = Mike;
				TargetAttributes = {
					60F075C71ED4AD5F005BE7F2 = {
						CreatedOnToolsVersion = 8.3.2;
						DevelopmentTeam = 4E8NC6KPHS;
						ProvisioningStyle = Automatic;
					};
				};
			};
			buildConfigurationList = 60F075C31ED4AD5E005BE7F2 /* Build configuration list for PBXProject "SocialMedia" */;
			compatibilityVersion = "Xcode 3.2";
			developmentRegion = English;
			hasScannedForEncodings = 0;
			knownRegions = (
				en,
				Base,
			);
			mainGroup = 60F075BF1ED4AD5E005BE7F2;
			productRefGroup = 60F075C91ED4AD5F005BE7F2 /* Products */;
			projectDirPath = "";
			projectRoot = "";
			targets = (
				60F075C71ED4AD5F005BE7F2 /* SocialMedia */,
			);
		};
/* End PBXProject section */

/* Begin PBXResourcesBuildPhase section */
		60F075C61ED4AD5F005BE7F2 /* Resources */ = {
			isa = PBXResourcesBuildPhase;
			buildActionMask = 2147483647;
			files = (
				60F075D61ED4AD5F005BE7F2 /* LaunchScreen.storyboard in Resources */,
				60F075DE1ED4ADD0005BE7F2 /* GoogleService-Info.plist in Resources */,
				60F075D31ED4AD5F005BE7F2 /* Assets.xcassets in Resources */,
				60F075D11ED4AD5F005BE7F2 /* Main.storyboard in Resources */,
			);
			runOnlyForDeploymentPostprocessing = 0;
		};
/* End PBXResourcesBuildPhase section */

/* Begin PBXShellScriptBuildPhase section */
		33242844135EE7F1F0EB8B34 /* [CP] Embed Pods Frameworks */ = {
			isa = PBXShellScriptBuildPhase;
			buildActionMask = 2147483647;
			files = (
			);
			inputPaths = (
			);
			name = "[CP] Embed Pods Frameworks";
			outputPaths = (
			);
			runOnlyForDeploymentPostprocessing = 0;
			shellPath = /bin/sh;
			shellScript = "\"${SRCROOT}/Pods/Target Support Files/Pods-SocialMedia/Pods-SocialMedia-frameworks.sh\"\n";
			showEnvVarsInLog = 0;
		};
		67101B30D6E14AA15A8F3632 /* [CP] Copy Pods Resources */ = {
			isa = PBXShellScriptBuildPhase;
			buildActionMask = 2147483647;
			files = (
			);
			inputPaths = (
			);
			name = "[CP] Copy Pods Resources";
			outputPaths = (
			);
			runOnlyForDeploymentPostprocessing = 0;
			shellPath = /bin/sh;
			shellScript = "\"${SRCROOT}/Pods/Target Support Files/Pods-SocialMedia/Pods-SocialMedia-resources.sh\"\n";
			showEnvVarsInLog = 0;
		};
		B188008CF68B3E9BE789E930 /* [CP] Check Pods Manifest.lock */ = {
			isa = PBXShellScriptBuildPhase;
			buildActionMask = 2147483647;
			files = (
			);
			inputPaths = (
			);
			name = "[CP] Check Pods Manifest.lock";
			outputPaths = (
			);
			runOnlyForDeploymentPostprocessing = 0;
			shellPath = /bin/sh;
			shellScript = "diff \"${PODS_ROOT}/../Podfile.lock\" \"${PODS_ROOT}/Manifest.lock\" > /dev/null\nif [ $? != 0 ] ; then\n    # print error to STDERR\n    echo \"error: The sandbox is not in sync with the Podfile.lock. Run 'pod install' or update your CocoaPods installation.\" >&2\n    exit 1\nfi\n";
			showEnvVarsInLog = 0;
		};
/* End PBXShellScriptBuildPhase section */

/* Begin PBXSourcesBuildPhase section */
		60F075C41ED4AD5F005BE7F2 /* Sources */ = {
			isa = PBXSourcesBuildPhase;
			buildActionMask = 2147483647;
			files = (
				60F075CE1ED4AD5F005BE7F2 /* SignInVC.swift in Sources */,
				60F075CC1ED4AD5F005BE7F2 /* AppDelegate.swift in Sources */,
			);
			runOnlyForDeploymentPostprocessing = 0;
		};
/* End PBXSourcesBuildPhase section */

/* Begin PBXVariantGroup section */
		60F075CF1ED4AD5F005BE7F2 /* Main.storyboard */ = {
			isa = PBXVariantGroup;
			children = (
				60F075D01ED4AD5F005BE7F2 /* Base */,
			);
			name = Main.storyboard;
			sourceTree = "<group>";
		};
		60F075D41ED4AD5F005BE7F2 /* LaunchScreen.storyboard */ = {
			isa = PBXVariantGroup;
			children = (
				60F075D51ED4AD5F005BE7F2 /* Base */,
			);
			name = LaunchScreen.storyboard;
			sourceTree = "<group>";
		};
/* End PBXVariantGroup section */

/* Begin XCBuildConfiguration section */
		60F075D81ED4AD5F005BE7F2 /* Debug */ = {
			isa = XCBuildConfiguration;
			buildSettings = {
				ALWAYS_SEARCH_USER_PATHS = NO;
				CLANG_ANALYZER_NONNULL = YES;
				CLANG_ANALYZER_NUMBER_OBJECT_CONVERSION = YES_AGGRESSIVE;
				CLANG_CXX_LANGUAGE_STANDARD = "gnu++0x";
				CLANG_CXX_LIBRARY = "libc++";
				CLANG_ENABLE_MODULES = YES;
				CLANG_ENABLE_OBJC_ARC = YES;
				CLANG_WARN_BOOL_CONVERSION = YES;
				CLANG_WARN_CONSTANT_CONVERSION = YES;
				CLANG_WARN_DIRECT_OBJC_ISA_USAGE = YES_ERROR;
				CLANG_WARN_DOCUMENTATION_COMMENTS = YES;
				CLANG_WARN_EMPTY_BODY = YES;
				CLANG_WARN_ENUM_CONVERSION = YES;
				CLANG_WARN_INFINITE_RECURSION = YES;
				CLANG_WARN_INT_CONVERSION = YES;
				CLANG_WARN_OBJC_ROOT_CLASS = YES_ERROR;
				CLANG_WARN_SUSPICIOUS_MOVE = YES;
				CLANG_WARN_UNREACHABLE_CODE = YES;
				CLANG_WARN__DUPLICATE_METHOD_MATCH = YES;
				"CODE_SIGN_IDENTITY[sdk=iphoneos*]" = "iPhone Developer";
				COPY_PHASE_STRIP = NO;
				DEBUG_INFORMATION_FORMAT = dwarf;
				ENABLE_STRICT_OBJC_MSGSEND = YES;
				ENABLE_TESTABILITY = YES;
				GCC_C_LANGUAGE_STANDARD = gnu99;
				GCC_DYNAMIC_NO_PIC = NO;
				GCC_NO_COMMON_BLOCKS = YES;
				GCC_OPTIMIZATION_LEVEL = 0;
				GCC_PREPROCESSOR_DEFINITIONS = (
					"DEBUG=1",
					"$(inherited)",
				);
				GCC_WARN_64_TO_32_BIT_CONVERSION = YES;
				GCC_WARN_ABOUT_RETURN_TYPE = YES_ERROR;
				GCC_WARN_UNDECLARED_SELECTOR = YES;
				GCC_WARN_UNINITIALIZED_AUTOS = YES_AGGRESSIVE;
				GCC_WARN_UNUSED_FUNCTION = YES;
				GCC_WARN_UNUSED_VARIABLE = YES;
				IPHONEOS_DEPLOYMENT_TARGET = 10.3;
				MTL_ENABLE_DEBUG_INFO = YES;
				ONLY_ACTIVE_ARCH = YES;
				SDKROOT = iphoneos;
				SWIFT_ACTIVE_COMPILATION_CONDITIONS = DEBUG;
				SWIFT_OPTIMIZATION_LEVEL = "-Onone";
				TARGETED_DEVICE_FAMILY = "1,2";
			};
			name = Debug;
		};
		60F075D91ED4AD5F005BE7F2 /* Release */ = {
			isa = XCBuildConfiguration;
			buildSettings = {
				ALWAYS_SEARCH_USER_PATHS = NO;
				CLANG_ANALYZER_NONNULL = YES;
				CLANG_ANALYZER_NUMBER_OBJECT_CONVERSION = YES_AGGRESSIVE;
				CLANG_CXX_LANGUAGE_STANDARD = "gnu++0x";
				CLANG_CXX_LIBRARY = "libc++";
				CLANG_ENABLE_MODULES = YES;
				CLANG_ENABLE_OBJC_ARC = YES;
				CLANG_WARN_BOOL_CONVERSION = YES;
				CLANG_WARN_CONSTANT_CONVERSION = YES;
				CLANG_WARN_DIRECT_OBJC_ISA_USAGE = YES_ERROR;
				CLANG_WARN_DOCUMENTATION_COMMENTS = YES;
				CLANG_WARN_EMPTY_BODY = YES;
				CLANG_WARN_ENUM_CONVERSION = YES;
				CLANG_WARN_INFINITE_RECURSION = YES;
				CLANG_WARN_INT_CONVERSION = YES;
				CLANG_WARN_OBJC_ROOT_CLASS = YES_ERROR;
				CLANG_WARN_SUSPICIOUS_MOVE = YES;
				CLANG_WARN_UNREACHABLE_CODE = YES;
				CLANG_WARN__DUPLICATE_METHOD_MATCH = YES;
				"CODE_SIGN_IDENTITY[sdk=iphoneos*]" = "iPhone Developer";
				COPY_PHASE_STRIP = NO;
				DEBUG_INFORMATION_FORMAT = "dwarf-with-dsym";
				ENABLE_NS_ASSERTIONS = NO;
				ENABLE_STRICT_OBJC_MSGSEND = YES;
				GCC_C_LANGUAGE_STANDARD = gnu99;
				GCC_NO_COMMON_BLOCKS = YES;
				GCC_WARN_64_TO_32_BIT_CONVERSION = YES;
				GCC_WARN_ABOUT_RETURN_TYPE = YES_ERROR;
				GCC_WARN_UNDECLARED_SELECTOR = YES;
				GCC_WARN_UNINITIALIZED_AUTOS = YES_AGGRESSIVE;
				GCC_WARN_UNUSED_FUNCTION = YES;
				GCC_WARN_UNUSED_VARIABLE = YES;
				IPHONEOS_DEPLOYMENT_TARGET = 10.3;
				MTL_ENABLE_DEBUG_INFO = NO;
				SDKROOT = iphoneos;
				SWIFT_OPTIMIZATION_LEVEL = "-Owholemodule";
				TARGETED_DEVICE_FAMILY = "1,2";
				VALIDATE_PRODUCT = YES;
			};
			name = Release;
		};
		60F075DB1ED4AD5F005BE7F2 /* Debug */ = {
			isa = XCBuildConfiguration;
			baseConfigurationReference = AEA15E8AA756077D106D0C1A /* Pods-SocialMedia.debug.xcconfig */;
			buildSettings = {
				ASSETCATALOG_COMPILER_APPICON_NAME = AppIcon;
				DEVELOPMENT_TEAM = 4E8NC6KPHS;
				INFOPLIST_FILE = SocialMedia/Info.plist;
				LD_RUNPATH_SEARCH_PATHS = "$(inherited) @executable_path/Frameworks";
				PRODUCT_BUNDLE_IDENTIFIER = com.mikewazaoski.SocialMedia;
				PRODUCT_NAME = "$(TARGET_NAME)";
				SWIFT_VERSION = 3.0;
			};
			name = Debug;
		};
		60F075DC1ED4AD5F005BE7F2 /* Release */ = {
			isa = XCBuildConfiguration;
			baseConfigurationReference = 2EE44CA061F19E6785022E46 /* Pods-SocialMedia.release.xcconfig */;
			buildSettings = {
				ASSETCATALOG_COMPILER_APPICON_NAME = AppIcon;
				DEVELOPMENT_TEAM = 4E8NC6KPHS;
				INFOPLIST_FILE = SocialMedia/Info.plist;
				LD_RUNPATH_SEARCH_PATHS = "$(inherited) @executable_path/Frameworks";
				PRODUCT_BUNDLE_IDENTIFIER = com.mikewazaoski.SocialMedia;
				PRODUCT_NAME = "$(TARGET_NAME)";
				SWIFT_VERSION = 3.0;
			};
			name = Release;
		};
/* End XCBuildConfiguration section */

/* Begin XCConfigurationList section */
		60F075C31ED4AD5E005BE7F2 /* Build configuration list for PBXProject "SocialMedia" */ = {
			isa = XCConfigurationList;
			buildConfigurations = (
				60F075D81ED4AD5F005BE7F2 /* Debug */,
				60F075D91ED4AD5F005BE7F2 /* Release */,
			);
			defaultConfigurationIsVisible = 0;
			defaultConfigurationName = Release;
		};
		60F075DA1ED4AD5F005BE7F2 /* Build configuration list for PBXNativeTarget "SocialMedia" */ = {
			isa = XCConfigurationList;
			buildConfigurations = (
				60F075DB1ED4AD5F005BE7F2 /* Debug */,
				60F075DC1ED4AD5F005BE7F2 /* Release */,
			);
			defaultConfigurationIsVisible = 0;
			defaultConfigurationName = Release;
		};
/* End XCConfigurationList section */
	};
	rootObject = 60F075C01ED4AD5E005BE7F2 /* Project object */;
}
